
Microsoft Visual Studio Solution File, Format Version 12.00
# Visual Studio 15
VisualStudioVersion = 15.0.27130.2036
MinimumVisualStudioVersion = 10.0.40219.1
Project("{FAE04EC0-301F-11D3-BF4B-00C04F79EFBC}") = "ListViewCompleteGuide.Android", "ListViewCompleteGuide\ListViewCompleteGuide.Android\ListViewCompleteGuide.Android.csproj", "{53E88088-7EFA-4ED4-9C19-89D0F4C10382}"
EndProject
Project("{FAE04EC0-301F-11D3-BF4B-00C04F79EFBC}") = "ListViewCompleteGuide.iOS", "ListViewCompleteGuide\ListViewCompleteGuide.iOS\ListViewCompleteGuide.iOS.csproj", "{9EFF4B90-7C65-46E5-A331-1547B0F42EDB}"
EndProject
Project("{FAE04EC0-301F-11D3-BF4B-00C04F79EFBC}") = "ListViewCompleteGuide.UWP", "ListViewCompleteGuide\ListViewCompleteGuide.UWP\ListViewCompleteGuide.UWP.csproj", "{5FACECF8-8570-4D88-B607-595112358DD8}"
EndProject
Project("{FAE04EC0-301F-11D3-BF4B-00C04F79EFBC}") = "ListViewCompleteGuide", "ListViewCompleteGuide\ListViewCompleteGuide\ListViewCompleteGuide.csproj", "{496527CF-24EE-4AFD-868A-E1EC20B1F5CC}"
EndProject
Global
	GlobalSection(SolutionConfigurationPlatforms) = preSolution
		Ad-Hoc|Any CPU = Ad-Hoc|Any CPU
		Ad-Hoc|ARM = Ad-Hoc|ARM
		Ad-Hoc|iPhone = Ad-Hoc|iPhone
		Ad-Hoc|iPhoneSimulator = Ad-Hoc|iPhoneSimulator
		Ad-Hoc|x64 = Ad-Hoc|x64
		Ad-Hoc|x86 = Ad-Hoc|x86
		AppStore|Any CPU = AppStore|Any CPU
		AppStore|ARM = AppStore|ARM
		AppStore|iPhone = AppStore|iPhone
		AppStore|iPhoneSimulator = AppStore|iPhoneSimulator
		AppStore|x64 = AppStore|x64
		AppStore|x86 = AppStore|x86
		Debug|Any CPU = Debug|Any CPU
		Debug|ARM = Debug|ARM
		Debug|iPhone = Debug|iPhone
		Debug|iPhoneSimulator = Debug|iPhoneSimulator
		Debug|x64 = Debug|x64
		Debug|x86 = Debug|x86
		Release|Any CPU = Release|Any CPU
		Release|ARM = Release|ARM
		Release|iPhone = Release|iPhone
		Release|iPhoneSimulator = Release|iPhoneSimulator
		Release|x64 = Release|x64
		Release|x86 = Release|x86
	EndGlobalSection
	GlobalSection(ProjectConfigurationPlatforms) = postSolution
		{53E88088-7EFA-4ED4-9C19-89D0F4C10382}.Ad-Hoc|Any CPU.ActiveCfg = Release|Any CPU
		{53E88088-7EFA-4ED4-9C19-89D0F4C10382}.Ad-Hoc|Any CPU.Build.0 = Release|Any CPU
		{53E88088-7EFA-4ED4-9C19-89D0F4C10382}.Ad-Hoc|Any CPU.Deploy.0 = Release|Any CPU
		{53E88088-7EFA-4ED4-9C19-89D0F4C10382}.Ad-Hoc|ARM.ActiveCfg = Release|Any CPU
		{53E88088-7EFA-4ED4-9C19-89D0F4C10382}.Ad-Hoc|ARM.Build.0 = Release|Any CPU
		{53E88088-7EFA-4ED4-9C19-89D0F4C10382}.Ad-Hoc|ARM.Deploy.0 = Release|Any CPU
		{53E88088-7EFA-4ED4-9C19-89D0F4C10382}.Ad-Hoc|iPhone.ActiveCfg = Release|Any CPU
		{53E88088-7EFA-4ED4-9C19-89D0F4C10382}.Ad-Hoc|iPhone.Build.0 = Release|Any CPU
		{53E88088-7EFA-4ED4-9C19-89D0F4C10382}.Ad-Hoc|iPhone.Deploy.0 = Release|Any CPU
		{53E88088-7EFA-4ED4-9C19-89D0F4C10382}.Ad-Hoc|iPhoneSimulator.ActiveCfg = Release|Any CPU
		{53E88088-7EFA-4ED4-9C19-89D0F4C10382}.Ad-Hoc|iPhoneSimulator.Build.0 = Release|Any CPU
		{53E88088-7EFA-4ED4-9C19-89D0F4C10382}.Ad-Hoc|iPhoneSimulator.Deploy.0 = Release|Any CPU
		{53E88088-7EFA-4ED4-9C19-89D0F4C10382}.Ad-Hoc|x64.ActiveCfg = Release|Any CPU
		{53E88088-7EFA-4ED4-9C19-89D0F4C10382}.Ad-Hoc|x64.Build.0 = Release|Any CPU
		{53E88088-7EFA-4ED4-9C19-89D0F4C10382}.Ad-Hoc|x64.Deploy.0 = Release|Any CPU
		{53E88088-7EFA-4ED4-9C19-89D0F4C10382}.Ad-Hoc|x86.ActiveCfg = Release|Any CPU
		{53E88088-7EFA-4ED4-9C19-89D0F4C10382}.Ad-Hoc|x86.Build.0 = Release|Any CPU
		{53E88088-7EFA-4ED4-9C19-89D0F4C10382}.Ad-Hoc|x86.Deploy.0 = Release|Any CPU
		{53E88088-7EFA-4ED4-9C19-89D0F4C10382}.AppStore|Any CPU.ActiveCfg = Release|Any CPU
		{53E88088-7EFA-4ED4-9C19-89D0F4C10382}.AppStore|Any CPU.Build.0 = Release|Any CPU
		{53E88088-7EFA-4ED4-9C19-89D0F4C10382}.AppStore|Any CPU.Deploy.0 = Release|Any CPU
		{53E88088-7EFA-4ED4-9C19-89D0F4C10382}.AppStore|ARM.ActiveCfg = Release|Any CPU
		{53E88088-7EFA-4ED4-9C19-89D0F4C10382}.AppStore|ARM.Build.0 = Release|Any CPU
		{53E88088-7EFA-4ED4-9C19-89D0F4C10382}.AppStore|ARM.Deploy.0 = Release|Any CPU
		{53E88088-7EFA-4ED4-9C19-89D0F4C10382}.AppStore|iPhone.ActiveCfg = Release|Any CPU
		{53E88088-7EFA-4ED4-9C19-89D0F4C10382}.AppStore|iPhone.Build.0 = Release|Any CPU
		{53E88088-7EFA-4ED4-9C19-89D0F4C10382}.AppStore|iPhone.Deploy.0 = Release|Any CPU
		{53E88088-7EFA-4ED4-9C19-89D0F4C10382}.AppStore|iPhoneSimulator.ActiveCfg = Release|Any CPU
		{53E88088-7EFA-4ED4-9C19-89D0F4C10382}.AppStore|iPhoneSimulator.Build.0 = Release|Any CPU
		{53E88088-7EFA-4ED4-9C19-89D0F4C10382}.AppStore|iPhoneSimulator.Deploy.0 = Release|Any CPU
		{53E88088-7EFA-4ED4-9C19-89D0F4C10382}.AppStore|x64.ActiveCfg = Release|Any CPU
		{53E88088-7EFA-4ED4-9C19-89D0F4C10382}.AppStore|x64.Build.0 = Release|Any CPU
		{53E88088-7EFA-4ED4-9C19-89D0F4C10382}.AppStore|x64.Deploy.0 = Release|Any CPU
		{53E88088-7EFA-4ED4-9C19-89D0F4C10382}.AppStore|x86.ActiveCfg = Release|Any CPU
		{53E88088-7EFA-4ED4-9C19-89D0F4C10382}.AppStore|x86.Build.0 = Release|Any CPU
		{53E88088-7EFA-4ED4-9C19-89D0F4C10382}.AppStore|x86.Deploy.0 = Release|Any CPU
		{53E88088-7EFA-4ED4-9C19-89D0F4C10382}.Debug|Any CPU.ActiveCfg = Debug|Any CPU
		{53E88088-7EFA-4ED4-9C19-89D0F4C10382}.Debug|Any CPU.Build.0 = Debug|Any CPU
		{53E88088-7EFA-4ED4-9C19-89D0F4C10382}.Debug|Any CPU.Deploy.0 = Debug|Any CPU
		{53E88088-7EFA-4ED4-9C19-89D0F4C10382}.Debug|ARM.ActiveCfg = Debug|Any CPU
		{53E88088-7EFA-4ED4-9C19-89D0F4C10382}.Debug|ARM.Build.0 = Debug|Any CPU
		{53E88088-7EFA-4ED4-9C19-89D0F4C10382}.Debug|ARM.Deploy.0 = Debug|Any CPU
		{53E88088-7EFA-4ED4-9C19-89D0F4C10382}.Debug|iPhone.ActiveCfg = Debug|Any CPU
		{53E88088-7EFA-4ED4-9C19-89D0F4C10382}.Debug|iPhone.Build.0 = Debug|Any CPU
		{53E88088-7EFA-4ED4-9C19-89D0F4C10382}.Debug|iPhone.Deploy.0 = Debug|Any CPU
		{53E88088-7EFA-4ED4-9C19-89D0F4C10382}.Debug|iPhoneSimulator.ActiveCfg = Debug|Any CPU
		{53E88088-7EFA-4ED4-9C19-89D0F4C10382}.Debug|iPhoneSimulator.Build.0 = Debug|Any CPU
		{53E88088-7EFA-4ED4-9C19-89D0F4C10382}.Debug|iPhoneSimulator.Deploy.0 = Debug|Any CPU
		{53E88088-7EFA-4ED4-9C19-89D0F4C10382}.Debug|x64.ActiveCfg = Debug|Any CPU
		{53E88088-7EFA-4ED4-9C19-89D0F4C10382}.Debug|x64.Build.0 = Debug|Any CPU
		{53E88088-7EFA-4ED4-9C19-89D0F4C10382}.Debug|x64.Deploy.0 = Debug|Any CPU
		{53E88088-7EFA-4ED4-9C19-89D0F4C10382}.Debug|x86.ActiveCfg = Debug|Any CPU
		{53E88088-7EFA-4ED4-9C19-89D0F4C10382}.Debug|x86.Build.0 = Debug|Any CPU
		{53E88088-7EFA-4ED4-9C19-89D0F4C10382}.Debug|x86.Deploy.0 = Debug|Any CPU
		{53E88088-7EFA-4ED4-9C19-89D0F4C10382}.Release|Any CPU.ActiveCfg = Release|Any CPU
		{53E88088-7EFA-4ED4-9C19-89D0F4C10382}.Release|Any CPU.Build.0 = Release|Any CPU
		{53E88088-7EFA-4ED4-9C19-89D0F4C10382}.Release|Any CPU.Deploy.0 = Release|Any CPU
		{53E88088-7EFA-4ED4-9C19-89D0F4C10382}.Release|ARM.ActiveCfg = Release|Any CPU
		{53E88088-7EFA-4ED4-9C19-89D0F4C10382}.Release|ARM.Build.0 = Release|Any CPU
		{53E88088-7EFA-4ED4-9C19-89D0F4C10382}.Release|ARM.Deploy.0 = Release|Any CPU
		{53E88088-7EFA-4ED4-9C19-89D0F4C10382}.Release|iPhone.ActiveCfg = Release|Any CPU
		{53E88088-7EFA-4ED4-9C19-89D0F4C10382}.Release|iPhone.Build.0 = Release|Any CPU
		{53E88088-7EFA-4ED4-9C19-89D0F4C10382}.Release|iPhone.Deploy.0 = Release|Any CPU
		{53E88088-7EFA-4ED4-9C19-89D0F4C10382}.Release|iPhoneSimulator.ActiveCfg = Release|Any CPU
		{53E88088-7EFA-4ED4-9C19-89D0F4C10382}.Release|iPhoneSimulator.Build.0 = Release|Any CPU
		{53E88088-7EFA-4ED4-9C19-89D0F4C10382}.Release|iPhoneSimulator.Deploy.0 = Release|Any CPU
		{53E88088-7EFA-4ED4-9C19-89D0F4C10382}.Release|x64.ActiveCfg = Release|Any CPU
		{53E88088-7EFA-4ED4-9C19-89D0F4C10382}.Release|x64.Build.0 = Release|Any CPU
		{53E88088-7EFA-4ED4-9C19-89D0F4C10382}.Release|x64.Deploy.0 = Release|Any CPU
		{53E88088-7EFA-4ED4-9C19-89D0F4C10382}.Release|x86.ActiveCfg = Release|Any CPU
		{53E88088-7EFA-4ED4-9C19-89D0F4C10382}.Release|x86.Build.0 = Release|Any CPU
		{53E88088-7EFA-4ED4-9C19-89D0F4C10382}.Release|x86.Deploy.0 = Release|Any CPU
		{9EFF4B90-7C65-46E5-A331-1547B0F42EDB}.Ad-Hoc|Any CPU.ActiveCfg = Ad-Hoc|iPhone
		{9EFF4B90-7C65-46E5-A331-1547B0F42EDB}.Ad-Hoc|ARM.ActiveCfg = Ad-Hoc|iPhone
		{9EFF4B90-7C65-46E5-A331-1547B0F42EDB}.Ad-Hoc|iPhone.ActiveCfg = Ad-Hoc|iPhone
		{9EFF4B90-7C65-46E5-A331-1547B0F42EDB}.Ad-Hoc|iPhone.Build.0 = Ad-Hoc|iPhone
		{9EFF4B90-7C65-46E5-A331-1547B0F42EDB}.Ad-Hoc|iPhoneSimulator.ActiveCfg = Ad-Hoc|iPhoneSimulator
		{9EFF4B90-7C65-46E5-A331-1547B0F42EDB}.Ad-Hoc|iPhoneSimulator.Build.0 = Ad-Hoc|iPhoneSimulator
		{9EFF4B90-7C65-46E5-A331-1547B0F42EDB}.Ad-Hoc|x64.ActiveCfg = Ad-Hoc|iPhone
		{9EFF4B90-7C65-46E5-A331-1547B0F42EDB}.Ad-Hoc|x86.ActiveCfg = Ad-Hoc|iPhone
		{9EFF4B90-7C65-46E5-A331-1547B0F42EDB}.AppStore|Any CPU.ActiveCfg = AppStore|iPhone
		{9EFF4B90-7C65-46E5-A331-1547B0F42EDB}.AppStore|ARM.ActiveCfg = AppStore|iPhone
		{9EFF4B90-7C65-46E5-A331-1547B0F42EDB}.AppStore|iPhone.ActiveCfg = AppStore|iPhone
		{9EFF4B90-7C65-46E5-A331-1547B0F42EDB}.AppStore|iPhone.Build.0 = AppStore|iPhone
		{9EFF4B90-7C65-46E5-A331-1547B0F42EDB}.AppStore|iPhoneSimulator.ActiveCfg = AppStore|iPhoneSimulator
		{9EFF4B90-7C65-46E5-A331-1547B0F42EDB}.AppStore|iPhoneSimulator.Build.0 = AppStore|iPhoneSimulator
		{9EFF4B90-7C65-46E5-A331-1547B0F42EDB}.AppStore|x64.ActiveCfg = AppStore|iPhone
		{9EFF4B90-7C65-46E5-A331-1547B0F42EDB}.AppStore|x86.ActiveCfg = AppStore|iPhone
		{9EFF4B90-7C65-46E5-A331-1547B0F42EDB}.Debug|Any CPU.ActiveCfg = Debug|iPhone
		{9EFF4B90-7C65-46E5-A331-1547B0F42EDB}.Debug|ARM.ActiveCfg = Debug|iPhone
		{9EFF4B90-7C65-46E5-A331-1547B0F42EDB}.Debug|iPhone.ActiveCfg = Debug|iPhone
		{9EFF4B90-7C65-46E5-A331-1547B0F42EDB}.Debug|iPhone.Build.0 = Debug|iPhone
		{9EFF4B90-7C65-46E5-A331-1547B0F42EDB}.Debug|iPhoneSimulator.ActiveCfg = Debug|iPhoneSimulator
		{9EFF4B90-7C65-46E5-A331-1547B0F42EDB}.Debug|iPhoneSimulator.Build.0 = Debug|iPhoneSimulator
		{9EFF4B90-7C65-46E5-A331-1547B0F42EDB}.Debug|x64.ActiveCfg = Debug|iPhone
		{9EFF4B90-7C65-46E5-A331-1547B0F42EDB}.Debug|x86.ActiveCfg = Debug|iPhone
		{9EFF4B90-7C65-46E5-A331-1547B0F42EDB}.Release|Any CPU.ActiveCfg = Release|iPhone
		{9EFF4B90-7C65-46E5-A331-1547B0F42EDB}.Release|ARM.ActiveCfg = Release|iPhone
		{9EFF4B90-7C65-46E5-A331-1547B0F42EDB}.Release|iPhone.ActiveCfg = Release|iPhone
		{9EFF4B90-7C65-46E5-A331-1547B0F42EDB}.Release|iPhone.Build.0 = Release|iPhone
		{9EFF4B90-7C65-46E5-A331-1547B0F42EDB}.Release|iPhoneSimulator.ActiveCfg = Release|iPhoneSimulator
		{9EFF4B90-7C65-46E5-A331-1547B0F42EDB}.Release|iPhoneSimulator.Build.0 = Release|iPhoneSimulator
		{9EFF4B90-7C65-46E5-A331-1547B0F42EDB}.Release|x64.ActiveCfg = Release|iPhone
		{9EFF4B90-7C65-46E5-A331-1547B0F42EDB}.Release|x86.ActiveCfg = Release|iPhone
		{5FACECF8-8570-4D88-B607-595112358DD8}.Ad-Hoc|Any CPU.ActiveCfg = Release|x86
		{5FACECF8-8570-4D88-B607-595112358DD8}.Ad-Hoc|Any CPU.Build.0 = Release|x86
		{5FACECF8-8570-4D88-B607-595112358DD8}.Ad-Hoc|Any CPU.Deploy.0 = Release|x86
		{5FACECF8-8570-4D88-B607-595112358DD8}.Ad-Hoc|ARM.ActiveCfg = Release|ARM
		{5FACECF8-8570-4D88-B607-595112358DD8}.Ad-Hoc|ARM.Build.0 = Release|ARM
		{5FACECF8-8570-4D88-B607-595112358DD8}.Ad-Hoc|ARM.Deploy.0 = Release|ARM
		{5FACECF8-8570-4D88-B607-595112358DD8}.Ad-Hoc|iPhone.ActiveCfg = Release|x86
		{5FACECF8-8570-4D88-B607-595112358DD8}.Ad-Hoc|iPhone.Build.0 = Release|x86
		{5FACECF8-8570-4D88-B607-595112358DD8}.Ad-Hoc|iPhone.Deploy.0 = Release|x86
		{5FACECF8-8570-4D88-B607-595112358DD8}.Ad-Hoc|iPhoneSimulator.ActiveCfg = Release|x86
		{5FACECF8-8570-4D88-B607-595112358DD8}.Ad-Hoc|iPhoneSimulator.Build.0 = Release|x86
		{5FACECF8-8570-4D88-B607-595112358DD8}.Ad-Hoc|iPhoneSimulator.Deploy.0 = Release|x86
		{5FACECF8-8570-4D88-B607-595112358DD8}.Ad-Hoc|x64.ActiveCfg = Release|x64
		{5FACECF8-8570-4D88-B607-595112358DD8}.Ad-Hoc|x64.Build.0 = Release|x64
		{5FACECF8-8570-4D88-B607-595112358DD8}.Ad-Hoc|x64.Deploy.0 = Release|x64
		{5FACECF8-8570-4D88-B607-595112358DD8}.Ad-Hoc|x86.ActiveCfg = Release|x86
		{5FACECF8-8570-4D88-B607-595112358DD8}.Ad-Hoc|x86.Build.0 = Release|x86
		{5FACECF8-8570-4D88-B607-595112358DD8}.Ad-Hoc|x86.Deploy.0 = Release|x86
		{5FACECF8-8570-4D88-B607-595112358DD8}.AppStore|Any CPU.ActiveCfg = Release|x86
		{5FACECF8-8570-4D88-B607-595112358DD8}.AppStore|Any CPU.Build.0 = Release|x86
		{5FACECF8-8570-4D88-B607-595112358DD8}.AppStore|Any CPU.Deploy.0 = Release|x86
		{5FACECF8-8570-4D88-B607-595112358DD8}.AppStore|ARM.ActiveCfg = Release|ARM
		{5FACECF8-8570-4D88-B607-595112358DD8}.AppStore|ARM.Build.0 = Release|ARM
		{5FACECF8-8570-4D88-B607-595112358DD8}.AppStore|ARM.Deploy.0 = Release|ARM
		{5FACECF8-8570-4D88-B607-595112358DD8}.AppStore|iPhone.ActiveCfg = Release|x86
		{5FACECF8-8570-4D88-B607-595112358DD8}.AppStore|iPhone.Build.0 = Release|x86
		{5FACECF8-8570-4D88-B607-595112358DD8}.AppStore|iPhone.Deploy.0 = Release|x86
		{5FACECF8-8570-4D88-B607-595112358DD8}.AppStore|iPhoneSimulator.ActiveCfg = Release|x86
		{5FACECF8-8570-4D88-B607-595112358DD8}.AppStore|iPhoneSimulator.Build.0 = Release|x86
		{5FACECF8-8570-4D88-B607-595112358DD8}.AppStore|iPhoneSimulator.Deploy.0 = Release|x86
		{5FACECF8-8570-4D88-B607-595112358DD8}.AppStore|x64.ActiveCfg = Release|x64
		{5FACECF8-8570-4D88-B607-595112358DD8}.AppStore|x64.Build.0 = Release|x64
		{5FACECF8-8570-4D88-B607-595112358DD8}.AppStore|x64.Deploy.0 = Release|x64
		{5FACECF8-8570-4D88-B607-595112358DD8}.AppStore|x86.ActiveCfg = Release|x86
		{5FACECF8-8570-4D88-B607-595112358DD8}.AppStore|x86.Build.0 = Release|x86
		{5FACECF8-8570-4D88-B607-595112358DD8}.AppStore|x86.Deploy.0 = Release|x86
		{5FACECF8-8570-4D88-B607-595112358DD8}.Debug|Any CPU.ActiveCfg = Debug|x86
		{5FACECF8-8570-4D88-B607-595112358DD8}.Debug|ARM.ActiveCfg = Debug|ARM
		{5FACECF8-8570-4D88-B607-595112358DD8}.Debug|ARM.Build.0 = Debug|ARM
		{5FACECF8-8570-4D88-B607-595112358DD8}.Debug|ARM.Deploy.0 = Debug|ARM
		{5FACECF8-8570-4D88-B607-595112358DD8}.Debug|iPhone.ActiveCfg = Debug|x86
		{5FACECF8-8570-4D88-B607-595112358DD8}.Debug|iPhoneSimulator.ActiveCfg = Debug|x86
		{5FACECF8-8570-4D88-B607-595112358DD8}.Debug|x64.ActiveCfg = Debug|x64
		{5FACECF8-8570-4D88-B607-595112358DD8}.Debug|x64.Build.0 = Debug|x64
		{5FACECF8-8570-4D88-B607-595112358DD8}.Debug|x64.Deploy.0 = Debug|x64
		{5FACECF8-8570-4D88-B607-595112358DD8}.Debug|x86.ActiveCfg = Debug|x86
		{5FACECF8-8570-4D88-B607-595112358DD8}.Debug|x86.Build.0 = Debug|x86
		{5FACECF8-8570-4D88-B607-595112358DD8}.Debug|x86.Deploy.0 = Debug|x86
		{5FACECF8-8570-4D88-B607-595112358DD8}.Release|Any CPU.ActiveCfg = Release|x86
		{5FACECF8-8570-4D88-B607-595112358DD8}.Release|ARM.ActiveCfg = Release|ARM
		{5FACECF8-8570-4D88-B607-595112358DD8}.Release|ARM.Build.0 = Release|ARM
		{5FACECF8-8570-4D88-B607-595112358DD8}.Release|ARM.Deploy.0 = Release|ARM
		{5FACECF8-8570-4D88-B607-595112358DD8}.Release|iPhone.ActiveCfg = Release|x86
		{5FACECF8-8570-4D88-B607-595112358DD8}.Release|iPhoneSimulator.ActiveCfg = Release|x86
		{5FACECF8-8570-4D88-B607-595112358DD8}.Release|x64.ActiveCfg = Release|x64
		{5FACECF8-8570-4D88-B607-595112358DD8}.Release|x64.Build.0 = Release|x64
		{5FACECF8-8570-4D88-B607-595112358DD8}.Release|x64.Deploy.0 = Release|x64
		{5FACECF8-8570-4D88-B607-595112358DD8}.Release|x86.ActiveCfg = Release|x86
		{5FACECF8-8570-4D88-B607-595112358DD8}.Release|x86.Build.0 = Release|x86
		{5FACECF8-8570-4D88-B607-595112358DD8}.Release|x86.Deploy.0 = Release|x86
		{496527CF-24EE-4AFD-868A-E1EC20B1F5CC}.Ad-Hoc|Any CPU.ActiveCfg = Debug|Any CPU
		{496527CF-24EE-4AFD-868A-E1EC20B1F5CC}.Ad-Hoc|Any CPU.Build.0 = Debug|Any CPU
		{496527CF-24EE-4AFD-868A-E1EC20B1F5CC}.Ad-Hoc|ARM.ActiveCfg = Debug|Any CPU
		{496527CF-24EE-4AFD-868A-E1EC20B1F5CC}.Ad-Hoc|ARM.Build.0 = Debug|Any CPU
		{496527CF-24EE-4AFD-868A-E1EC20B1F5CC}.Ad-Hoc|iPhone.ActiveCfg = Debug|Any CPU
		{496527CF-24EE-4AFD-868A-E1EC20B1F5CC}.Ad-Hoc|iPhone.Build.0 = Debug|Any CPU
		{496527CF-24EE-4AFD-868A-E1EC20B1F5CC}.Ad-Hoc|iPhoneSimulator.ActiveCfg = Debug|Any CPU
		{496527CF-24EE-4AFD-868A-E1EC20B1F5CC}.Ad-Hoc|iPhoneSimulator.Build.0 = Debug|Any CPU
		{496527CF-24EE-4AFD-868A-E1EC20B1F5CC}.Ad-Hoc|x64.ActiveCfg = Debug|Any CPU
		{496527CF-24EE-4AFD-868A-E1EC20B1F5CC}.Ad-Hoc|x64.Build.0 = Debug|Any CPU
		{496527CF-24EE-4AFD-868A-E1EC20B1F5CC}.Ad-Hoc|x86.ActiveCfg = Debug|Any CPU
		{496527CF-24EE-4AFD-868A-E1EC20B1F5CC}.Ad-Hoc|x86.Build.0 = Debug|Any CPU
		{496527CF-24EE-4AFD-868A-E1EC20B1F5CC}.AppStore|Any CPU.ActiveCfg = Debug|Any CPU
		{496527CF-24EE-4AFD-868A-E1EC20B1F5CC}.AppStore|Any CPU.Build.0 = Debug|Any CPU
		{496527CF-24EE-4AFD-868A-E1EC20B1F5CC}.AppStore|ARM.ActiveCfg = Debug|Any CPU
		{496527CF-24EE-4AFD-868A-E1EC20B1F5CC}.AppStore|ARM.Build.0 = Debug|Any CPU
		{496527CF-24EE-4AFD-868A-E1EC20B1F5CC}.AppStore|iPhone.ActiveCfg = Debug|Any CPU
		{496527CF-24EE-4AFD-868A-E1EC20B1F5CC}.AppStore|iPhone.Build.0 = Debug|Any CPU
		{496527CF-24EE-4AFD-868A-E1EC20B1F5CC}.AppStore|iPhoneSimulator.ActiveCfg = Debug|Any CPU
		{496527CF-24EE-4AFD-868A-E1EC20B1F5CC}.AppStore|iPhoneSimulator.Build.0 = Debug|Any CPU
		{496527CF-24EE-4AFD-868A-E1EC20B1F5CC}.AppStore|x64.ActiveCfg = Debug|Any CPU
		{496527CF-24EE-4AFD-868A-E1EC20B1F5CC}.AppStore|x64.Build.0 = Debug|Any CPU
		{496527CF-24EE-4AFD-868A-E1EC20B1F5CC}.AppStore|x86.ActiveCfg = Debug|Any CPU
		{496527CF-24EE-4AFD-868A-E1EC20B1F5CC}.AppStore|x86.Build.0 = Debug|Any CPU
		{496527CF-24EE-4AFD-868A-E1EC20B1F5CC}.Debug|Any CPU.ActiveCfg = Debug|Any CPU
		{496527CF-24EE-4AFD-868A-E1EC20B1F5CC}.Debug|Any CPU.Build.0 = Debug|Any CPU
		{496527CF-24EE-4AFD-868A-E1EC20B1F5CC}.Debug|ARM.ActiveCfg = Debug|Any CPU
		{496527CF-24EE-4AFD-868A-E1EC20B1F5CC}.Debug|ARM.Build.0 = Debug|Any CPU
		{496527CF-24EE-4AFD-868A-E1EC20B1F5CC}.Debug|iPhone.ActiveCfg = Debug|Any CPU
		{496527CF-24EE-4AFD-868A-E1EC20B1F5CC}.Debug|iPhone.Build.0 = Debug|Any CPU
		{496527CF-24EE-4AFD-868A-E1EC20B1F5CC}.Debug|iPhoneSimulator.ActiveCfg = Debug|Any CPU
		{496527CF-24EE-4AFD-868A-E1EC20B1F5CC}.Debug|iPhoneSimulator.Build.0 = Debug|Any CPU
		{496527CF-24EE-4AFD-868A-E1EC20B1F5CC}.Debug|x64.ActiveCfg = Debug|Any CPU
		{496527CF-24EE-4AFD-868A-E1EC20B1F5CC}.Debug|x64.Build.0 = Debug|Any CPU
		{496527CF-24EE-4AFD-868A-E1EC20B1F5CC}.Debug|x86.ActiveCfg = Debug|Any CPU
		{496527CF-24EE-4AFD-868A-E1EC20B1F5CC}.Debug|x86.Build.0 = Debug|Any CPU
		{496527CF-24EE-4AFD-868A-E1EC20B1F5CC}.Release|Any CPU.ActiveCfg = Release|Any CPU
		{496527CF-24EE-4AFD-868A-E1EC20B1F5CC}.Release|Any CPU.Build.0 = Release|Any CPU
		{496527CF-24EE-4AFD-868A-E1EC20B1F5CC}.Release|ARM.ActiveCfg = Release|Any CPU
		{496527CF-24EE-4AFD-868A-E1EC20B1F5CC}.Release|ARM.Build.0 = Release|Any CPU
		{496527CF-24EE-4AFD-868A-E1EC20B1F5CC}.Release|iPhone.ActiveCfg = Release|Any CPU
		{496527CF-24EE-4AFD-868A-E1EC20B1F5CC}.Release|iPhone.Build.0 = Release|Any CPU
		{496527CF-24EE-4AFD-868A-E1EC20B1F5CC}.Release|iPhoneSimulator.ActiveCfg = Release|Any CPU
		{496527CF-24EE-4AFD-868A-E1EC20B1F5CC}.Release|iPhoneSimulator.Build.0 = Release|Any CPU
		{496527CF-24EE-4AFD-868A-E1EC20B1F5CC}.Release|x64.ActiveCfg = Release|Any CPU
		{496527CF-24EE-4AFD-868A-E1EC20B1F5CC}.Release|x64.Build.0 = Release|Any CPU
		{496527CF-24EE-4AFD-868A-E1EC20B1F5CC}.Release|x86.ActiveCfg = Release|Any CPU
		{496527CF-24EE-4AFD-868A-E1EC20B1F5CC}.Release|x86.Build.0 = Release|Any CPU
	EndGlobalSection
	GlobalSection(SolutionProperties) = preSolution
		HideSolutionNode = FALSE
	EndGlobalSection
	GlobalSection(ExtensibilityGlobals) = postSolution
		SolutionGuid = {09D89948-0B34-491F-BEA5-5BABF8417F39}
	EndGlobalSection
EndGlobal
